{
  "version": 4,
  "terraform_version": "1.3.4",
  "serial": 65,
  "lineage": "904d4787-b763-b7b4-df43-c9c77be4135e",
  "outputs": {},
  "resources": [
    {
      "mode": "data",
      "type": "vault_policy_document",
      "name": "ca-client-policy",
      "provider": "provider[\"registry.terraform.io/hashicorp/vault\"]",
      "instances": [
        {
          "schema_version": 0,
          "attributes": {
            "hcl": "# allow client to issue a client cert\npath \"pki/rc3labs/issue/client\" {\n  capabilities = [\"create\", \"update\"]\n}\n",
            "id": "562837014",
            "namespace": null,
            "rule": [
              {
                "allowed_parameter": [],
                "capabilities": [
                  "create",
                  "update"
                ],
                "denied_parameter": [],
                "description": "allow client to issue a client cert",
                "max_wrapping_ttl": "",
                "min_wrapping_ttl": "",
                "path": "pki/rc3labs/issue/client",
                "required_parameters": []
              }
            ]
          },
          "sensitive_attributes": []
        }
      ]
    },
    {
      "mode": "data",
      "type": "vault_policy_document",
      "name": "ca-dual-policy",
      "provider": "provider[\"registry.terraform.io/hashicorp/vault\"]",
      "instances": [
        {
          "schema_version": 0,
          "attributes": {
            "hcl": "# allow dual to issue a dual cert\npath \"pki/rc3labs/issue/dual\" {\n  capabilities = [\"create\", \"update\"]\n}\n",
            "id": "4284721312",
            "namespace": null,
            "rule": [
              {
                "allowed_parameter": [],
                "capabilities": [
                  "create",
                  "update"
                ],
                "denied_parameter": [],
                "description": "allow dual to issue a dual cert",
                "max_wrapping_ttl": "",
                "min_wrapping_ttl": "",
                "path": "pki/rc3labs/issue/dual",
                "required_parameters": []
              }
            ]
          },
          "sensitive_attributes": []
        }
      ]
    },
    {
      "mode": "data",
      "type": "vault_policy_document",
      "name": "ca-server-policy",
      "provider": "provider[\"registry.terraform.io/hashicorp/vault\"]",
      "instances": [
        {
          "schema_version": 0,
          "attributes": {
            "hcl": "# allow server to issue a server cert\npath \"pki/rc3labs/issue/server\" {\n  capabilities = [\"create\", \"update\"]\n}\n",
            "id": "2545080118",
            "namespace": null,
            "rule": [
              {
                "allowed_parameter": [],
                "capabilities": [
                  "create",
                  "update"
                ],
                "denied_parameter": [],
                "description": "allow server to issue a server cert",
                "max_wrapping_ttl": "",
                "min_wrapping_ttl": "",
                "path": "pki/rc3labs/issue/server",
                "required_parameters": []
              }
            ]
          },
          "sensitive_attributes": []
        }
      ]
    },
    {
      "mode": "managed",
      "type": "vault_auth_backend",
      "name": "rc3labs",
      "provider": "provider[\"registry.terraform.io/hashicorp/vault\"]",
      "instances": [
        {
          "schema_version": 1,
          "attributes": {
            "accessor": "auth_userpass_230f9f45",
            "description": "",
            "disable_remount": false,
            "id": "userpass",
            "local": false,
            "namespace": null,
            "path": "userpass",
            "tune": [
              {
                "allowed_response_headers": [],
                "audit_non_hmac_request_keys": [],
                "audit_non_hmac_response_keys": [],
                "default_lease_ttl": "",
                "listing_visibility": "unauth",
                "max_lease_ttl": "90000s",
                "passthrough_request_headers": [],
                "token_type": ""
              }
            ],
            "type": "userpass"
          },
          "sensitive_attributes": [],
          "private": "eyJzY2hlbWFfdmVyc2lvbiI6IjEifQ=="
        }
      ]
    },
    {
      "mode": "managed",
      "type": "vault_generic_endpoint",
      "name": "harvey",
      "provider": "provider[\"registry.terraform.io/hashicorp/vault\"]",
      "instances": [
        {
          "schema_version": 1,
          "attributes": {
            "data_json": "{\"password\":\"changeme\",\"policies\":[\"admins\",\"eaas-client\"]}",
            "disable_delete": false,
            "disable_read": false,
            "id": "auth/userpass/users/harvey",
            "ignore_absent_fields": true,
            "namespace": null,
            "path": "auth/userpass/users/harvey",
            "write_data": {},
            "write_data_json": "null",
            "write_fields": null
          },
          "sensitive_attributes": [],
          "private": "eyJzY2hlbWFfdmVyc2lvbiI6IjEifQ==",
          "dependencies": [
            "vault_auth_backend.rc3labs"
          ]
        }
      ]
    },
    {
      "mode": "managed",
      "type": "vault_generic_secret",
      "name": "developer_sample_data",
      "provider": "provider[\"registry.terraform.io/hashicorp/vault\"]",
      "instances": [
        {
          "schema_version": 1,
          "attributes": {
            "data": {
              "password": "passwd",
              "username": "rc3labs"
            },
            "data_json": "{\"password\":\"passwd\",\"username\":\"rc3labs\"}",
            "delete_all_versions": false,
            "disable_read": false,
            "id": "kv/rc3labs/rc3labs",
            "namespace": null,
            "path": "kv/rc3labs/rc3labs"
          },
          "sensitive_attributes": [],
          "private": "eyJzY2hlbWFfdmVyc2lvbiI6IjEifQ==",
          "dependencies": [
            "vault_mount.rc3labs"
          ]
        }
      ]
    },
    {
      "mode": "managed",
      "type": "vault_mount",
      "name": "ca",
      "provider": "provider[\"registry.terraform.io/hashicorp/vault\"]",
      "instances": [
        {
          "schema_version": 0,
          "attributes": {
            "accessor": "pki_ce625107",
            "allowed_managed_keys": [],
            "audit_non_hmac_request_keys": [],
            "audit_non_hmac_response_keys": [],
            "default_lease_ttl_seconds": 8760,
            "description": "rc3labs internal CA",
            "external_entropy_access": false,
            "id": "pki/rc3labs",
            "local": false,
            "max_lease_ttl_seconds": 3153600000,
            "namespace": null,
            "options": {},
            "path": "pki/rc3labs",
            "seal_wrap": false,
            "type": "pki"
          },
          "sensitive_attributes": [],
          "private": "bnVsbA=="
        }
      ]
    },
    {
      "mode": "managed",
      "type": "vault_mount",
      "name": "rc3labs",
      "provider": "provider[\"registry.terraform.io/hashicorp/vault\"]",
      "instances": [
        {
          "schema_version": 0,
          "attributes": {
            "accessor": "kv_36a08659",
            "allowed_managed_keys": [],
            "audit_non_hmac_request_keys": [],
            "audit_non_hmac_response_keys": [],
            "default_lease_ttl_seconds": 0,
            "description": "KV2 Secrets Engine for rc3labs.",
            "external_entropy_access": false,
            "id": "kv/rc3labs",
            "local": false,
            "max_lease_ttl_seconds": 0,
            "namespace": null,
            "options": {},
            "path": "kv/rc3labs",
            "seal_wrap": false,
            "type": "kv-v2"
          },
          "sensitive_attributes": [],
          "private": "bnVsbA=="
        }
      ]
    },
    {
      "mode": "managed",
      "type": "vault_pki_secret_backend_config_urls",
      "name": "ca",
      "provider": "provider[\"registry.terraform.io/hashicorp/vault\"]",
      "instances": [
        {
          "schema_version": 0,
          "attributes": {
            "backend": "pki/rc3labs",
            "crl_distribution_points": [
              "http://10.10.1.4/crl/pki/rc3labs"
            ],
            "id": "pki/rc3labs/config/urls",
            "issuing_certificates": [
              "http://10.10.1.4/ca/pki/rc3labs"
            ],
            "namespace": null,
            "ocsp_servers": []
          },
          "sensitive_attributes": [],
          "private": "bnVsbA==",
          "dependencies": [
            "vault_mount.ca"
          ]
        }
      ]
    },
    {
      "mode": "managed",
      "type": "vault_pki_secret_backend_crl_config",
      "name": "ca",
      "provider": "provider[\"registry.terraform.io/hashicorp/vault\"]",
      "instances": [
        {
          "schema_version": 0,
          "attributes": {
            "backend": "pki/rc3labs",
            "disable": false,
            "expiry": "86400s",
            "id": "pki/rc3labs/config/crl",
            "namespace": null
          },
          "sensitive_attributes": [],
          "private": "bnVsbA==",
          "dependencies": [
            "vault_mount.ca"
          ]
        }
      ]
    },
    {
      "mode": "managed",
      "type": "vault_pki_secret_backend_role",
      "name": "ca-client",
      "provider": "provider[\"registry.terraform.io/hashicorp/vault\"]",
      "instances": [
        {
          "schema_version": 0,
          "attributes": {
            "allow_any_name": false,
            "allow_bare_domains": true,
            "allow_glob_domains": false,
            "allow_ip_sans": false,
            "allow_localhost": false,
            "allow_subdomains": false,
            "allowed_domains": [
              "{{ identity.entity.metadata.hostname }}"
            ],
            "allowed_domains_template": true,
            "allowed_other_sans": [],
            "allowed_serial_numbers": [],
            "allowed_uri_sans": [],
            "backend": "pki/rc3labs",
            "basic_constraints_valid_for_non_ca": false,
            "client_flag": true,
            "code_signing_flag": false,
            "country": [],
            "email_protection_flag": false,
            "enforce_hostnames": true,
            "ext_key_usage": [],
            "generate_lease": false,
            "id": "pki/rc3labs/roles/client",
            "key_bits": 384,
            "key_type": "ec",
            "key_usage": [
              "DigitalSignature",
              "KeyAgreement",
              "KeyEncipherment"
            ],
            "locality": [],
            "max_ttl": "8760",
            "name": "client",
            "namespace": null,
            "no_store": false,
            "not_before_duration": "0s",
            "organization": [],
            "ou": [],
            "policy_identifier": [],
            "policy_identifiers": null,
            "postal_code": [],
            "province": [],
            "require_cn": true,
            "server_flag": false,
            "street_address": [],
            "ttl": "8760",
            "use_csr_common_name": true,
            "use_csr_sans": true
          },
          "sensitive_attributes": [],
          "private": "bnVsbA==",
          "dependencies": [
            "vault_mount.ca"
          ]
        }
      ]
    },
    {
      "mode": "managed",
      "type": "vault_pki_secret_backend_role",
      "name": "ca-dual",
      "provider": "provider[\"registry.terraform.io/hashicorp/vault\"]",
      "instances": [
        {
          "schema_version": 0,
          "attributes": {
            "allow_any_name": false,
            "allow_bare_domains": true,
            "allow_glob_domains": false,
            "allow_ip_sans": true,
            "allow_localhost": true,
            "allow_subdomains": false,
            "allowed_domains": [
              "{{ identity.entity.metadata.hostname }}",
              "{{ identity.entity.metadata.san0 }}",
              "{{ identity.entity.metadata.san1 }}",
              "{{ identity.entity.metadata.san2 }}",
              "{{ identity.entity.metadata.san3 }}"
            ],
            "allowed_domains_template": true,
            "allowed_other_sans": [],
            "allowed_serial_numbers": [],
            "allowed_uri_sans": [],
            "backend": "pki/rc3labs",
            "basic_constraints_valid_for_non_ca": false,
            "client_flag": true,
            "code_signing_flag": false,
            "country": [],
            "email_protection_flag": false,
            "enforce_hostnames": true,
            "ext_key_usage": [],
            "generate_lease": false,
            "id": "pki/rc3labs/roles/dual",
            "key_bits": 384,
            "key_type": "ec",
            "key_usage": [
              "DigitalSignature",
              "KeyAgreement",
              "KeyEncipherment"
            ],
            "locality": [],
            "max_ttl": "8760",
            "name": "dual",
            "namespace": null,
            "no_store": false,
            "not_before_duration": "0s",
            "organization": [],
            "ou": [],
            "policy_identifier": [],
            "policy_identifiers": null,
            "postal_code": [],
            "province": [],
            "require_cn": true,
            "server_flag": true,
            "street_address": [],
            "ttl": "8760",
            "use_csr_common_name": true,
            "use_csr_sans": true
          },
          "sensitive_attributes": [],
          "private": "bnVsbA==",
          "dependencies": [
            "vault_mount.ca"
          ]
        }
      ]
    },
    {
      "mode": "managed",
      "type": "vault_pki_secret_backend_role",
      "name": "ca-server",
      "provider": "provider[\"registry.terraform.io/hashicorp/vault\"]",
      "instances": [
        {
          "schema_version": 0,
          "attributes": {
            "allow_any_name": false,
            "allow_bare_domains": true,
            "allow_glob_domains": false,
            "allow_ip_sans": true,
            "allow_localhost": true,
            "allow_subdomains": false,
            "allowed_domains": [
              "{{ identity.entity.metadata.hostname }}",
              "{{ identity.entity.metadata.san0 }}",
              "{{ identity.entity.metadata.san1 }}",
              "{{ identity.entity.metadata.san2 }}",
              "{{ identity.entity.metadata.san3 }}"
            ],
            "allowed_domains_template": true,
            "allowed_other_sans": [],
            "allowed_serial_numbers": [],
            "allowed_uri_sans": [],
            "backend": "pki/rc3labs",
            "basic_constraints_valid_for_non_ca": false,
            "client_flag": false,
            "code_signing_flag": false,
            "country": [],
            "email_protection_flag": false,
            "enforce_hostnames": true,
            "ext_key_usage": [],
            "generate_lease": false,
            "id": "pki/rc3labs/roles/server",
            "key_bits": 384,
            "key_type": "ec",
            "key_usage": [
              "DigitalSignature",
              "KeyAgreement",
              "KeyEncipherment"
            ],
            "locality": [],
            "max_ttl": "8760",
            "name": "server",
            "namespace": null,
            "no_store": false,
            "not_before_duration": "0s",
            "organization": [],
            "ou": [],
            "policy_identifier": [],
            "policy_identifiers": null,
            "postal_code": [],
            "province": [],
            "require_cn": true,
            "server_flag": true,
            "street_address": [],
            "ttl": "8760",
            "use_csr_common_name": true,
            "use_csr_sans": true
          },
          "sensitive_attributes": [],
          "private": "bnVsbA==",
          "dependencies": [
            "vault_mount.ca"
          ]
        }
      ]
    },
    {
      "mode": "managed",
      "type": "vault_pki_secret_backend_root_cert",
      "name": "ca",
      "provider": "provider[\"registry.terraform.io/hashicorp/vault\"]",
      "instances": [
        {
          "schema_version": 1,
          "attributes": {
            "alt_names": null,
            "backend": "pki/rc3labs",
            "certificate": "-----BEGIN CERTIFICATE-----\nMIIFvDCCA6SgAwIBAgIUcp3pM+RA0hOhKNDxiNcrvYiJ4VMwDQYJKoZIhvcNAQEL\nBQAwHTEbMBkGA1UEAxMSVmF1bHQgQ0EgLSByYzNsYWJzMCAXDTIyMTEwNjAxMTcy\nNloYDzIxMjIxMDEzMDExNzUyWjAdMRswGQYDVQQDExJWYXVsdCBDQSAtIHJjM2xh\nYnMwggIiMA0GCSqGSIb3DQEBAQUAA4ICDwAwggIKAoICAQDEHWkm0tOpoZwEcDqW\no8gLPeFdbWLXaUg9Q1NlEy+rjdppn7zQLO7r//iqGS5mIy2i8nscTpXab/jqUuOS\nDrDcFyVZmNEjmkNDArNAPq0C1cTDsF2RJDWGR9VL5gDG22JsTFJpqGL9aiTyoEU3\n9GwMNwTtce0Ps1+e093ia6qSjSJlNfB9C1k9cbIA/iPqMsFEyGKLljChvi54imWf\nhJzCy77qUAehmylF8J74j06efjR4zUOIK3tit4SJoQcf1qdmSO0aPQeDxgyHh5Nn\nOeBUYawZIN6Cr13v1eu9VFawefLI//bVQC4aUnwYfD3p6xRTheEw0Bmm8S+dvp0k\nDPsggzHVs2Kk96mL5olLwH8axp/ARUSfEW6H82YzNX34U5zd2fjy/Gtmdfto1+kR\ni676sQ2gCXQMebLTDhyrNfm0a70gqQVRG9Zhsl2DXYSClNOEB4QWbt9jKJyU/HTm\ntkos0Irveexfplq/HDu7Tqkx+1HyvMqpxb/MKyjZisgIWaji+iR978jUrwWQBwHH\nr0IqLEYUX/WvHcDKu1fvRVCnZ2POd4dnwpp3yUirq9hz4YOxzfOlN8tRwoYNd08M\nbUrbvJRnlxKuJVeGqVTJP3xglsZeMtkC4RhKo70XNCfWFV6cZJu2zbfN2ygkfGAR\nHkL12Qw39BrM5zKrz4pU4R+16wIDAQABo4HxMIHuMA4GA1UdDwEB/wQEAwIBBjAS\nBgNVHRMBAf8ECDAGAQH/AgEBMB0GA1UdDgQWBBRyT9OteKoNPbSyazKYy2zmf4FZ\nyjAfBgNVHSMEGDAWgBRyT9OteKoNPbSyazKYy2zmf4FZyjBIBggrBgEFBQcBAQQ8\nMDowOAYIKwYBBQUHMAKGLGh0dHBzOi8vdmF1bHQtcGtpLnJjM2xhYnMub3JnL2Nh\nL3BraS9yYzNsYWJzMD4GA1UdHwQ3MDUwM6AxoC+GLWh0dHBzOi8vdmF1bHQtcGtp\nLnJjM2xhYnMub3JnL2NybC9wa2kvcmMzbGFiczANBgkqhkiG9w0BAQsFAAOCAgEA\nePbBh+n0PWf8maZWOSo+rk+kkujgaUGlEr9aS4wOJHAB4MWeL0YvxYNHXlOcsyn8\nluNd10ADYCI6ypYUUMuABNmvD7r9NmllENMQd/VH48M76emw4wRlOX6F2usR+tUr\nnkVDsMxMTlPHqPj+WeFWqCdagYMSc7ZK8MXVG5/v/gRWadl8IwWKKGlX3NpCFUTO\nHT6LEftI9eBr+wVSpY0uvwDDRHCIGw+GIad+NRONQqEKTNfdTOVLGIlWmjIiKT/j\nzKv63YAJVNCmLO8CVd53Z/cHG/EJlYSkMPP4X3KBXl0QxynkUAIyw1cTkQg1qQ/t\nY/zPPKjniWhGgzOGfRpFGJSyfkGjoxh8Otz/lxDAln2w1CNiiON7rfa+2sxYqPtj\nXd/e4rXA3x50wMXMkAVw1aYAko2A0VX3r1QDf9yXgmvD7u4C6cVRpBkGzA3gKyif\ngq0XNKTBS2S4/80yvU7tCLcPJAipDpq141k5y/r0e6p3XPnB1qHCOtgEW6lNXcbR\nCGzlRq6yfkH/5PynoOlWFIzKdNyQztswFbhcznZ1VreQ9hBnIMdmG3LLiv1IwqRt\nN0tSZEigd5UoixcLHYWLBl3vE2wunsACwzfVJGa4v1TiNOzJNgTBLgivcotjwA0j\njgyFQb5NFMO39Qk3+KFeASid9feo0ulDa3M34iWfFAA=\n-----END CERTIFICATE-----",
            "common_name": "Vault CA - rc3labs",
            "country": null,
            "exclude_cn_from_sans": false,
            "format": "pem",
            "id": "pki/rc3labs/root/generate/internal",
            "ip_sans": null,
            "issuing_ca": "-----BEGIN CERTIFICATE-----\nMIIFvDCCA6SgAwIBAgIUcp3pM+RA0hOhKNDxiNcrvYiJ4VMwDQYJKoZIhvcNAQEL\nBQAwHTEbMBkGA1UEAxMSVmF1bHQgQ0EgLSByYzNsYWJzMCAXDTIyMTEwNjAxMTcy\nNloYDzIxMjIxMDEzMDExNzUyWjAdMRswGQYDVQQDExJWYXVsdCBDQSAtIHJjM2xh\nYnMwggIiMA0GCSqGSIb3DQEBAQUAA4ICDwAwggIKAoICAQDEHWkm0tOpoZwEcDqW\no8gLPeFdbWLXaUg9Q1NlEy+rjdppn7zQLO7r//iqGS5mIy2i8nscTpXab/jqUuOS\nDrDcFyVZmNEjmkNDArNAPq0C1cTDsF2RJDWGR9VL5gDG22JsTFJpqGL9aiTyoEU3\n9GwMNwTtce0Ps1+e093ia6qSjSJlNfB9C1k9cbIA/iPqMsFEyGKLljChvi54imWf\nhJzCy77qUAehmylF8J74j06efjR4zUOIK3tit4SJoQcf1qdmSO0aPQeDxgyHh5Nn\nOeBUYawZIN6Cr13v1eu9VFawefLI//bVQC4aUnwYfD3p6xRTheEw0Bmm8S+dvp0k\nDPsggzHVs2Kk96mL5olLwH8axp/ARUSfEW6H82YzNX34U5zd2fjy/Gtmdfto1+kR\ni676sQ2gCXQMebLTDhyrNfm0a70gqQVRG9Zhsl2DXYSClNOEB4QWbt9jKJyU/HTm\ntkos0Irveexfplq/HDu7Tqkx+1HyvMqpxb/MKyjZisgIWaji+iR978jUrwWQBwHH\nr0IqLEYUX/WvHcDKu1fvRVCnZ2POd4dnwpp3yUirq9hz4YOxzfOlN8tRwoYNd08M\nbUrbvJRnlxKuJVeGqVTJP3xglsZeMtkC4RhKo70XNCfWFV6cZJu2zbfN2ygkfGAR\nHkL12Qw39BrM5zKrz4pU4R+16wIDAQABo4HxMIHuMA4GA1UdDwEB/wQEAwIBBjAS\nBgNVHRMBAf8ECDAGAQH/AgEBMB0GA1UdDgQWBBRyT9OteKoNPbSyazKYy2zmf4FZ\nyjAfBgNVHSMEGDAWgBRyT9OteKoNPbSyazKYy2zmf4FZyjBIBggrBgEFBQcBAQQ8\nMDowOAYIKwYBBQUHMAKGLGh0dHBzOi8vdmF1bHQtcGtpLnJjM2xhYnMub3JnL2Nh\nL3BraS9yYzNsYWJzMD4GA1UdHwQ3MDUwM6AxoC+GLWh0dHBzOi8vdmF1bHQtcGtp\nLnJjM2xhYnMub3JnL2NybC9wa2kvcmMzbGFiczANBgkqhkiG9w0BAQsFAAOCAgEA\nePbBh+n0PWf8maZWOSo+rk+kkujgaUGlEr9aS4wOJHAB4MWeL0YvxYNHXlOcsyn8\nluNd10ADYCI6ypYUUMuABNmvD7r9NmllENMQd/VH48M76emw4wRlOX6F2usR+tUr\nnkVDsMxMTlPHqPj+WeFWqCdagYMSc7ZK8MXVG5/v/gRWadl8IwWKKGlX3NpCFUTO\nHT6LEftI9eBr+wVSpY0uvwDDRHCIGw+GIad+NRONQqEKTNfdTOVLGIlWmjIiKT/j\nzKv63YAJVNCmLO8CVd53Z/cHG/EJlYSkMPP4X3KBXl0QxynkUAIyw1cTkQg1qQ/t\nY/zPPKjniWhGgzOGfRpFGJSyfkGjoxh8Otz/lxDAln2w1CNiiON7rfa+2sxYqPtj\nXd/e4rXA3x50wMXMkAVw1aYAko2A0VX3r1QDf9yXgmvD7u4C6cVRpBkGzA3gKyif\ngq0XNKTBS2S4/80yvU7tCLcPJAipDpq141k5y/r0e6p3XPnB1qHCOtgEW6lNXcbR\nCGzlRq6yfkH/5PynoOlWFIzKdNyQztswFbhcznZ1VreQ9hBnIMdmG3LLiv1IwqRt\nN0tSZEigd5UoixcLHYWLBl3vE2wunsACwzfVJGa4v1TiNOzJNgTBLgivcotjwA0j\njgyFQb5NFMO39Qk3+KFeASid9feo0ulDa3M34iWfFAA=\n-----END CERTIFICATE-----",
            "key_bits": 4096,
            "key_type": "rsa",
            "locality": null,
            "managed_key_id": null,
            "managed_key_name": null,
            "max_path_length": 1,
            "namespace": null,
            "organization": null,
            "other_sans": null,
            "ou": null,
            "permitted_dns_domains": null,
            "postal_code": null,
            "private_key_format": "der",
            "province": null,
            "serial": "72:9d:e9:33:e4:40:d2:13:a1:28:d0:f1:88:d7:2b:bd:88:89:e1:53",
            "serial_number": "72:9d:e9:33:e4:40:d2:13:a1:28:d0:f1:88:d7:2b:bd:88:89:e1:53",
            "street_address": null,
            "ttl": "315360000",
            "type": "internal",
            "uri_sans": null
          },
          "sensitive_attributes": [],
          "private": "eyJzY2hlbWFfdmVyc2lvbiI6IjEifQ==",
          "dependencies": [
            "vault_mount.ca"
          ]
        }
      ]
    },
    {
      "mode": "managed",
      "type": "vault_policy",
      "name": "admin_policy",
      "provider": "provider[\"registry.terraform.io/hashicorp/vault\"]",
      "instances": [
        {
          "schema_version": 0,
          "attributes": {
            "id": "admins",
            "name": "admins",
            "namespace": null,
            "policy": "# Manage auth methods broadly across Vault\npath \"auth/*\"\n{\n  capabilities = [\"create\", \"read\", \"update\", \"delete\", \"list\", \"sudo\"]\n}\n\n# Create, update, and delete auth methods\npath \"sys/auth/*\"\n{\n  capabilities = [\"create\", \"update\", \"delete\", \"sudo\"]\n}\n\n# List auth methods\npath \"sys/auth\"\n{\n  capabilities = [\"read\"]\n}\n\n# List existing policies\npath \"sys/policies/acl\"\n{\n  capabilities = [\"list\"]\n}\n\n# Create and manage ACL policies\npath \"sys/policies/acl/*\"\n{\n  capabilities = [\"create\", \"read\", \"update\", \"delete\", \"list\", \"sudo\"]\n}\n\n# List, create, update, and delete key/value secrets\npath \"secret/*\"\n{\n  capabilities = [\"create\", \"read\", \"update\", \"delete\", \"list\", \"sudo\"]\n}\n\n# Manage secrets engines\npath \"sys/mounts/*\"\n{\n  capabilities = [\"create\", \"read\", \"update\", \"delete\", \"list\", \"sudo\"]\n}\n\n# List existing secrets engines.\npath \"sys/mounts\"\n{\n  capabilities = [\"read\"]\n}\n\n# Read health checks\npath \"sys/health\"\n{\n  capabilities = [\"read\", \"sudo\"]\n}\n\npath \"operations/*\"\n{\n  capabilities = [\"create\", \"read\", \"update\", \"delete\", \"list\"]\n}\n\npath \"developers/*\"\n{\n  capabilities = [\"create\", \"read\", \"update\", \"delete\", \"list\"]\n}"
          },
          "sensitive_attributes": [],
          "private": "bnVsbA=="
        }
      ]
    },
    {
      "mode": "managed",
      "type": "vault_policy",
      "name": "ca-client",
      "provider": "provider[\"registry.terraform.io/hashicorp/vault\"]",
      "instances": [
        {
          "schema_version": 0,
          "attributes": {
            "id": "ca-rc3labs-client",
            "name": "ca-rc3labs-client",
            "namespace": null,
            "policy": "# allow client to issue a client cert\npath \"pki/rc3labs/issue/client\" {\n  capabilities = [\"create\", \"update\"]\n}\n"
          },
          "sensitive_attributes": [],
          "private": "bnVsbA==",
          "dependencies": [
            "data.vault_policy_document.ca-client-policy"
          ]
        }
      ]
    },
    {
      "mode": "managed",
      "type": "vault_policy",
      "name": "ca-dual",
      "provider": "provider[\"registry.terraform.io/hashicorp/vault\"]",
      "instances": [
        {
          "schema_version": 0,
          "attributes": {
            "id": "ca-rc3labs-dual",
            "name": "ca-rc3labs-dual",
            "namespace": null,
            "policy": "# allow dual to issue a dual cert\npath \"pki/rc3labs/issue/dual\" {\n  capabilities = [\"create\", \"update\"]\n}\n"
          },
          "sensitive_attributes": [],
          "private": "bnVsbA==",
          "dependencies": [
            "data.vault_policy_document.ca-dual-policy"
          ]
        }
      ]
    },
    {
      "mode": "managed",
      "type": "vault_policy",
      "name": "ca-server",
      "provider": "provider[\"registry.terraform.io/hashicorp/vault\"]",
      "instances": [
        {
          "schema_version": 0,
          "attributes": {
            "id": "ca-rc3labs-server",
            "name": "ca-rc3labs-server",
            "namespace": null,
            "policy": "# allow server to issue a server cert\npath \"pki/rc3labs/issue/server\" {\n  capabilities = [\"create\", \"update\"]\n}\n"
          },
          "sensitive_attributes": [],
          "private": "bnVsbA==",
          "dependencies": [
            "data.vault_policy_document.ca-server-policy"
          ]
        }
      ]
    }
  ],
  "check_results": null
}
